
Microsoft Visual Studio Solution File, Format Version 12.00
# Visual Studio Version 17
VisualStudioVersion = 17.0.31912.275
MinimumVisualStudioVersion = 10.0.40219.1
Project("{FAE04EC0-301F-11D3-BF4B-00C04F79EFBC}") = "Dapper_EF.WebApi", "Dapper_EF.WebApi\Dapper_EF.WebApi.csproj", "{6CAEA6F0-F5EF-4788-AB0A-DD53E8012D0D}"
EndProject
Project("{FAE04EC0-301F-11D3-BF4B-00C04F79EFBC}") = "Domain", "Domain\Domain.csproj", "{E8F238AC-2191-4C49-8EC2-9E92E8E823E8}"
EndProject
Project("{FAE04EC0-301F-11D3-BF4B-00C04F79EFBC}") = "Persistence", "Persistence\Persistence.csproj", "{3F0630F2-96F2-44EC-8019-CEC02BCA2F96}"
EndProject
Global
	GlobalSection(SolutionConfigurationPlatforms) = preSolution
		Debug|Any CPU = Debug|Any CPU
		Release|Any CPU = Release|Any CPU
	EndGlobalSection
	GlobalSection(ProjectConfigurationPlatforms) = postSolution
		{6CAEA6F0-F5EF-4788-AB0A-DD53E8012D0D}.Debug|Any CPU.ActiveCfg = Debug|Any CPU
		{6CAEA6F0-F5EF-4788-AB0A-DD53E8012D0D}.Debug|Any CPU.Build.0 = Debug|Any CPU
		{6CAEA6F0-F5EF-4788-AB0A-DD53E8012D0D}.Release|Any CPU.ActiveCfg = Release|Any CPU
		{6CAEA6F0-F5EF-4788-AB0A-DD53E8012D0D}.Release|Any CPU.Build.0 = Release|Any CPU
		{E8F238AC-2191-4C49-8EC2-9E92E8E823E8}.Debug|Any CPU.ActiveCfg = Debug|Any CPU
		{E8F238AC-2191-4C49-8EC2-9E92E8E823E8}.Debug|Any CPU.Build.0 = Debug|Any CPU
		{E8F238AC-2191-4C49-8EC2-9E92E8E823E8}.Release|Any CPU.ActiveCfg = Release|Any CPU
		{E8F238AC-2191-4C49-8EC2-9E92E8E823E8}.Release|Any CPU.Build.0 = Release|Any CPU
		{3F0630F2-96F2-44EC-8019-CEC02BCA2F96}.Debug|Any CPU.ActiveCfg = Debug|Any CPU
		{3F0630F2-96F2-44EC-8019-CEC02BCA2F96}.Debug|Any CPU.Build.0 = Debug|Any CPU
		{3F0630F2-96F2-44EC-8019-CEC02BCA2F96}.Release|Any CPU.ActiveCfg = Release|Any CPU
		{3F0630F2-96F2-44EC-8019-CEC02BCA2F96}.Release|Any CPU.Build.0 = Release|Any CPU
	EndGlobalSection
	GlobalSection(SolutionProperties) = preSolution
		HideSolutionNode = FALSE
	EndGlobalSection
	GlobalSection(ExtensibilityGlobals) = postSolution
		SolutionGuid = {5B47158B-64D9-4A9E-8897-E98C63E65216}
	EndGlobalSection
EndGlobal
